github.com/BurntSushi/toml v0.3.0 h1:e1/Ivsx3Z0FVTV0NSOv/aVgbUWyQuzj7DDnFblkRvsY=
github.com/BurntSushi/toml v0.3.0/go.mod h1:xHWCNGjB5oqiDr8zfno3MHue2Ht5sIBksp03qcyfWMU=
github.com/boltdb/bolt v1.3.1 h1:JQmyP4ZBrce+ZQu0dY660FMfatumYDLun9hBCUVIkF4=
github.com/boltdb/bolt v1.3.1/go.mod h1:clJnj/oiGkjum5o1McbSZDSLxVThjynRyGBgiAx27Ps=
github.com/jpillora/ansi v1.0.0 h1:agZNBxxIuqe/SM7U2fSaYmAO3X7f787xp3zZCZCYmYc=
github.com/jpillora/ansi v1.0.0/go.mod h1:kOeLNvjNBGSV3uYtFjvb72+fnZCMFJF1XDvRIjdom0g=
github.com/mattn/go-colorable v0.0.9 h1:UVL0vNpWh04HeJXV0KLcaT7r06gOH2l4OW6ddYRUIY4=
github.com/mattn/go-colorable v0.0.9/go.mod h1:9vuHe8Xs5qXnSaW/c/ABM9alt+Vo+STaOChaDxuIBZU=
github.com/mattn/go-isatty v0.0.3 h1:ns/ykhmWi7G9O+8a448SecJU3nSMBXJfqQkl0upE1jI=
github.com/mattn/go-isatty v0.0.3/go.mod h1:M+lRXTBqGeGNdLjl/ufCoiOlB5xdOkqRJdNxMWT7Zi4=
golang.org/x/crypto v0.0.0-20170930174604-9419663f5a44 h1:9lP3x0pW80sDI6t1UMSLA4to18W7R7imwAI/sWS9S8Q=
golang.org/x/crypto v0.0.0-20170930174604-9419663f5a44/go.mod h1:6SG95UA2DQfeDnfUPMdvaQW0Q7yPrPDi9nlGo2tz2b4=
golang.org/x/sys v0.0.0-20170927054621-314a259e304f/go.mod h1:STP8DvDyc/dI5b8T5hshtkjS+E42TnysNCUPdjciGhY=
gopkg.in/inconshreveable/log15.v2 v2.0.0-20150921213854-b105bd37f74e h1:L91+qpxBn9WAZLaC9mfKZ1bOZaWfxM/6LtH9nL6FJ/Q=
gopkg.in/inconshreveable/log15.v2 v2.0.0-20150921213854-b105bd37f74e/go.mod h1:aPpfJ7XW+gOuirDoZ8gHhLh3kZ1B08FtV2bbmy7Jv3s=
